// !$*UTF8*$!
{
	archiveVersion = 1;
	classes = {
	};
	objectVersion = 50;
	objects = {

/* Begin PBXBuildFile section */
		331029DD20BCE08400CFC859 /* CategoryVC.swift in Sources */ = {isa = PBXBuildFile; fileRef = 331029DC20BCE08400CFC859 /* CategoryVC.swift */; };
		3333697320BE3F5B00FF5287 /* Default-568h@2x.png in Resources */ = {isa = PBXBuildFile; fileRef = 3333697220BE3F5B00FF5287 /* Default-568h@2x.png */; };
		333F5A5220BF86EB00CD3801 /* Item.swift in Sources */ = {isa = PBXBuildFile; fileRef = 333F5A5120BF86EB00CD3801 /* Item.swift */; };
		333F5A5420BF86F500CD3801 /* Category.swift in Sources */ = {isa = PBXBuildFile; fileRef = 333F5A5320BF86F500CD3801 /* Category.swift */; };
		337CC21820C7763A0025E06D /* SwipeTableVC.swift in Sources */ = {isa = PBXBuildFile; fileRef = 337CC21720C7763A0025E06D /* SwipeTableVC.swift */; };
		33CA0EA720B3B794003FC202 /* Main.storyboard in Resources */ = {isa = PBXBuildFile; fileRef = 33EEAAC920B24533007A6F62 /* Main.storyboard */; };
		33EEAAC620B24533007A6F62 /* AppDelegate.swift in Sources */ = {isa = PBXBuildFile; fileRef = 33EEAAC520B24533007A6F62 /* AppDelegate.swift */; };
		33EEAAC820B24533007A6F62 /* TodoListVC.swift in Sources */ = {isa = PBXBuildFile; fileRef = 33EEAAC720B24533007A6F62 /* TodoListVC.swift */; };
		33EEAACD20B24534007A6F62 /* Assets.xcassets in Resources */ = {isa = PBXBuildFile; fileRef = 33EEAACC20B24534007A6F62 /* Assets.xcassets */; };
		33EEAAD020B24534007A6F62 /* LaunchScreen.storyboard in Resources */ = {isa = PBXBuildFile; fileRef = 33EEAACE20B24534007A6F62 /* LaunchScreen.storyboard */; };
		C22D6D69ECB220837DC7903C /* Pods_Todoey.framework in Frameworks */ = {isa = PBXBuildFile; fileRef = 677FD5D2DF9CE15F16D7E80A /* Pods_Todoey.framework */; };
/* End PBXBuildFile section */

/* Begin PBXFileReference section */
		331029DC20BCE08400CFC859 /* CategoryVC.swift */ = {isa = PBXFileReference; lastKnownFileType = sourcecode.swift; path = CategoryVC.swift; sourceTree = "<group>"; };
		3333697220BE3F5B00FF5287 /* Default-568h@2x.png */ = {isa = PBXFileReference; lastKnownFileType = image.png; path = "Default-568h@2x.png"; sourceTree = "<group>"; };
		333F5A5120BF86EB00CD3801 /* Item.swift */ = {isa = PBXFileReference; lastKnownFileType = sourcecode.swift; path = Item.swift; sourceTree = "<group>"; };
		333F5A5320BF86F500CD3801 /* Category.swift */ = {isa = PBXFileReference; lastKnownFileType = sourcecode.swift; path = Category.swift; sourceTree = "<group>"; };
		337CC21720C7763A0025E06D /* SwipeTableVC.swift */ = {isa = PBXFileReference; lastKnownFileType = sourcecode.swift; path = SwipeTableVC.swift; sourceTree = "<group>"; };
		33EEAAC220B24533007A6F62 /* MyTasks.app */ = {isa = PBXFileReference; explicitFileType = wrapper.application; includeInIndex = 0; path = MyTasks.app; sourceTree = BUILT_PRODUCTS_DIR; };
		33EEAAC520B24533007A6F62 /* AppDelegate.swift */ = {isa = PBXFileReference; lastKnownFileType = sourcecode.swift; path = AppDelegate.swift; sourceTree = "<group>"; };
		33EEAAC720B24533007A6F62 /* TodoListVC.swift */ = {isa = PBXFileReference; lastKnownFileType = sourcecode.swift; path = TodoListVC.swift; sourceTree = "<group>"; };
		33EEAACA20B24533007A6F62 /* Base */ = {isa = PBXFileReference; lastKnownFileType = file.storyboard; name = Base; path = Base.lproj/Main.storyboard; sourceTree = "<group>"; };
		33EEAACC20B24534007A6F62 /* Assets.xcassets */ = {isa = PBXFileReference; lastKnownFileType = folder.assetcatalog; path = Assets.xcassets; sourceTree = "<group>"; };
		33EEAACF20B24534007A6F62 /* Base */ = {isa = PBXFileReference; lastKnownFileType = file.storyboard; name = Base; path = Base.lproj/LaunchScreen.storyboard; sourceTree = "<group>"; };
		33EEAAD120B24534007A6F62 /* Info.plist */ = {isa = PBXFileReference; lastKnownFileType = text.plist.xml; path = Info.plist; sourceTree = "<group>"; };
		58E2CB84A704C29A345AD22B /* Pods-Todoey.debug.xcconfig */ = {isa = PBXFileReference; includeInIndex = 1; lastKnownFileType = text.xcconfig; name = "Pods-Todoey.debug.xcconfig"; path = "Pods/Target Support Files/Pods-Todoey/Pods-Todoey.debug.xcconfig"; sourceTree = "<group>"; };
		677FD5D2DF9CE15F16D7E80A /* Pods_Todoey.framework */ = {isa = PBXFileReference; explicitFileType = wrapper.framework; includeInIndex = 0; path = Pods_Todoey.framework; sourceTree = BUILT_PRODUCTS_DIR; };
		D3F268EDFEA8D9954C820D24 /* Pods-Todoey.release.xcconfig */ = {isa = PBXFileReference; includeInIndex = 1; lastKnownFileType = text.xcconfig; name = "Pods-Todoey.release.xcconfig"; path = "Pods/Target Support Files/Pods-Todoey/Pods-Todoey.release.xcconfig"; sourceTree = "<group>"; };
/* End PBXFileReference section */

/* Begin PBXFrameworksBuildPhase section */
		33EEAABF20B24533007A6F62 /* Frameworks */ = {
			isa = PBXFrameworksBuildPhase;
			buildActionMask = 2147483647;
			files = (
				C22D6D69ECB220837DC7903C /* Pods_Todoey.framework in Frameworks */,
			);
			runOnlyForDeploymentPostprocessing = 0;
		};
/* End PBXFrameworksBuildPhase section */

/* Begin PBXGroup section */
		22AB6B50EC74B62783A4D260 /* Pods */ = {
			isa = PBXGroup;
			children = (
				58E2CB84A704C29A345AD22B /* Pods-Todoey.debug.xcconfig */,
				D3F268EDFEA8D9954C820D24 /* Pods-Todoey.release.xcconfig */,
			);
			name = Pods;
			sourceTree = "<group>";
		};
		33BFEE8220B4FC0F00D63B29 /* Data Model */ = {
			isa = PBXGroup;
			children = (
				333F5A5320BF86F500CD3801 /* Category.swift */,
				333F5A5120BF86EB00CD3801 /* Item.swift */,
			);
			path = "Data Model";
			sourceTree = "<group>";
		};
		33BFEE8320B4FC2400D63B29 /* Controllers */ = {
			isa = PBXGroup;
			children = (
				331029DC20BCE08400CFC859 /* CategoryVC.swift */,
				33EEAAC720B24533007A6F62 /* TodoListVC.swift */,
				337CC21720C7763A0025E06D /* SwipeTableVC.swift */,
			);
			path = Controllers;
			sourceTree = "<group>";
		};
		33BFEE8420B4FC2E00D63B29 /* Views */ = {
			isa = PBXGroup;
			children = (
				33EEAAC920B24533007A6F62 /* Main.storyboard */,
			);
			path = Views;
			sourceTree = "<group>";
		};
		33BFEE8520B4FC4400D63B29 /* Supporting Files */ = {
			isa = PBXGroup;
			children = (
				33EEAACC20B24534007A6F62 /* Assets.xcassets */,
				3333697220BE3F5B00FF5287 /* Default-568h@2x.png */,
				33EEAACE20B24534007A6F62 /* LaunchScreen.storyboard */,
			);
			path = "Supporting Files";
			sourceTree = "<group>";
		};
		33EEAAB920B24533007A6F62 = {
			isa = PBXGroup;
			children = (
				33EEAAC420B24533007A6F62 /* Todoey */,
				33EEAAD120B24534007A6F62 /* Info.plist */,
				33EEAAC320B24533007A6F62 /* Products */,
				22AB6B50EC74B62783A4D260 /* Pods */,
				A73FEA46FF92BBFFC905AB13 /* Frameworks */,
			);
			sourceTree = "<group>";
		};
		33EEAAC320B24533007A6F62 /* Products */ = {
			isa = PBXGroup;
			children = (
				33EEAAC220B24533007A6F62 /* MyTasks.app */,
			);
			name = Products;
			sourceTree = "<group>";
		};
		33EEAAC420B24533007A6F62 /* Todoey */ = {
			isa = PBXGroup;
			children = (
				33EEAAC520B24533007A6F62 /* AppDelegate.swift */,
				33BFEE8320B4FC2400D63B29 /* Controllers */,
				33BFEE8220B4FC0F00D63B29 /* Data Model */,
				33BFEE8420B4FC2E00D63B29 /* Views */,
				33BFEE8520B4FC4400D63B29 /* Supporting Files */,
			);
			path = Todoey;
			sourceTree = "<group>";
		};
		A73FEA46FF92BBFFC905AB13 /* Frameworks */ = {
			isa = PBXGroup;
			children = (
				677FD5D2DF9CE15F16D7E80A /* Pods_Todoey.framework */,
			);
			name = Frameworks;
			sourceTree = "<group>";
		};
/* End PBXGroup section */

/* Begin PBXNativeTarget section */
		33EEAAC120B24533007A6F62 /* MyTasks */ = {
			isa = PBXNativeTarget;
			buildConfigurationList = 33EEAAD420B24534007A6F62 /* Build configuration list for PBXNativeTarget "MyTasks" */;
			buildPhases = (
				BB25849D4D80278C7E91A69D /* [CP] Check Pods Manifest.lock */,
				33EEAABE20B24533007A6F62 /* Sources */,
				33EEAABF20B24533007A6F62 /* Frameworks */,
				33EEAAC020B24533007A6F62 /* Resources */,
				CF360D27081EB17BF40FCA53 /* [CP] Embed Pods Frameworks */,
			);
			buildRules = (
			);
			dependencies = (
			);
			name = MyTasks;
			productName = Todoey;
			productReference = 33EEAAC220B24533007A6F62 /* MyTasks.app */;
			productType = "com.apple.product-type.application";
		};
/* End PBXNativeTarget section */

/* Begin PBXProject section */
		33EEAABA20B24533007A6F62 /* Project object */ = {
			isa = PBXProject;
			attributes = {
				LastSwiftUpdateCheck = 0930;
				LastUpgradeCheck = 0930;
				ORGANIZATIONNAME = "Matthew Sutton";
				TargetAttributes = {
					33EEAAC120B24533007A6F62 = {
						CreatedOnToolsVersion = 9.3.1;
					};
				};
			};
			buildConfigurationList = 33EEAABD20B24533007A6F62 /* Build configuration list for PBXProject "MyTasks" */;
			compatibilityVersion = "Xcode 9.3";
			developmentRegion = en;
			hasScannedForEncodings = 0;
			knownRegions = (
				en,
				Base,
			);
			mainGroup = 33EEAAB920B24533007A6F62;
			productRefGroup = 33EEAAC320B24533007A6F62 /* Products */;
			projectDirPath = "";
			projectRoot = "";
			targets = (
				33EEAAC120B24533007A6F62 /* MyTasks */,
			);
		};
/* End PBXProject section */

/* Begin PBXResourcesBuildPhase section */
		33EEAAC020B24533007A6F62 /* Resources */ = {
			isa = PBXResourcesBuildPhase;
			buildActionMask = 2147483647;
			files = (
				33EEAAD020B24534007A6F62 /* LaunchScreen.storyboard in Resources */,
				3333697320BE3F5B00FF5287 /* Default-568h@2x.png in Resources */,
				33EEAACD20B24534007A6F62 /* Assets.xcassets in Resources */,
				33CA0EA720B3B794003FC202 /* Main.storyboard in Resources */,
			);
			runOnlyForDeploymentPostprocessing = 0;
		};
/* End PBXResourcesBuildPhase section */

/* Begin PBXShellScriptBuildPhase section */
		BB25849D4D80278C7E91A69D /* [CP] Check Pods Manifest.lock */ = {
			isa = PBXShellScriptBuildPhase;
			buildActionMask = 2147483647;
			files = (
			);
			inputPaths = (
				"${PODS_PODFILE_DIR_PATH}/Podfile.lock",
				"${PODS_ROOT}/Manifest.lock",
			);
			name = "[CP] Check Pods Manifest.lock";
			outputPaths = (
				"$(DERIVED_FILE_DIR)/Pods-Todoey-checkManifestLockResult.txt",
			);
			runOnlyForDeploymentPostprocessing = 0;
			shellPath = /bin/sh;
			shellScript = "diff \"${PODS_PODFILE_DIR_PATH}/Podfile.lock\" \"${PODS_ROOT}/Manifest.lock\" > /dev/null\nif [ $? != 0 ] ; then\n    # print error to STDERR\n    echo \"error: The sandbox is not in sync with the Podfile.lock. Run 'pod install' or update your CocoaPods installation.\" >&2\n    exit 1\nfi\n# This output is used by Xcode 'outputs' to avoid re-running this script phase.\necho \"SUCCESS\" > \"${SCRIPT_OUTPUT_FILE_0}\"\n";
			showEnvVarsInLog = 0;
		};
		CF360D27081EB17BF40FCA53 /* [CP] Embed Pods Frameworks */ = {
			isa = PBXShellScriptBuildPhase;
			buildActionMask = 2147483647;
			files = (
			);
			inputPaths = (
				"${SRCROOT}/Pods/Target Support Files/Pods-Todoey/Pods-Todoey-frameworks.sh",
				"${BUILT_PRODUCTS_DIR}/ChameleonFramework/ChameleonFramework.framework",
				"${BUILT_PRODUCTS_DIR}/ProgressHUD/ProgressHUD.framework",
				"${BUILT_PRODUCTS_DIR}/Realm/Realm.framework",
				"${BUILT_PRODUCTS_DIR}/RealmSwift/RealmSwift.framework",
				"${BUILT_PRODUCTS_DIR}/SwipeCellKit/SwipeCellKit.framework",
			);
			name = "[CP] Embed Pods Frameworks";
			outputPaths = (
				"${TARGET_BUILD_DIR}/${FRAMEWORKS_FOLDER_PATH}/ChameleonFramework.framework",
				"${TARGET_BUILD_DIR}/${FRAMEWORKS_FOLDER_PATH}/ProgressHUD.framework",
				"${TARGET_BUILD_DIR}/${FRAMEWORKS_FOLDER_PATH}/Realm.framework",
				"${TARGET_BUILD_DIR}/${FRAMEWORKS_FOLDER_PATH}/RealmSwift.framework",
				"${TARGET_BUILD_DIR}/${FRAMEWORKS_FOLDER_PATH}/SwipeCellKit.framework",
			);
			runOnlyForDeploymentPostprocessing = 0;
			shellPath = /bin/sh;
			shellScript = "\"${SRCROOT}/Pods/Target Support Files/Pods-Todoey/Pods-Todoey-frameworks.sh\"\n";
			showEnvVarsInLog = 0;
		};
/* End PBXShellScriptBuildPhase section */

/* Begin PBXSourcesBuildPhase section */
		33EEAABE20B24533007A6F62 /* Sources */ = {
			isa = PBXSourcesBuildPhase;
			buildActionMask = 2147483647;
			files = (
				333F5A5220BF86EB00CD3801 /* Item.swift in Sources */,
				33EEAAC820B24533007A6F62 /* TodoListVC.swift in Sources */,
				331029DD20BCE08400CFC859 /* CategoryVC.swift in Sources */,
				33EEAAC620B24533007A6F62 /* AppDelegate.swift in Sources */,
				337CC21820C7763A0025E06D /* SwipeTableVC.swift in Sources */,
				333F5A5420BF86F500CD3801 /* Category.swift in Sources */,
			);
			runOnlyForDeploymentPostprocessing = 0;
		};
/* End PBXSourcesBuildPhase section */

/* Begin PBXVariantGroup section */
		33EEAAC920B24533007A6F62 /* Main.storyboard */ = {
			isa = PBXVariantGroup;
			children = (
				33EEAACA20B24533007A6F62 /* Base */,
			);
			name = Main.storyboard;
			sourceTree = "<group>";
		};
		33EEAACE20B24534007A6F62 /* LaunchScreen.storyboard */ = {
			isa = PBXVariantGroup;
			children = (
				33EEAACF20B24534007A6F62 /* Base */,
			);
			name = LaunchScreen.storyboard;
			sourceTree = "<group>";
		};
/* End PBXVariantGroup section */

/* Begin XCBuildConfiguration section */
		33EEAAD220B24534007A6F62 /* Debug */ = {
			isa = XCBuildConfiguration;
			buildSettings = {
				ALWAYS_SEARCH_USER_PATHS = NO;
				CLANG_ANALYZER_NONNULL = YES;
				CLANG_ANALYZER_NUMBER_OBJECT_CONVERSION = YES_AGGRESSIVE;
				CLANG_CXX_LANGUAGE_STANDARD = "gnu++14";
				CLANG_CXX_LIBRARY = "libc++";
				CLANG_ENABLE_MODULES = YES;
				CLANG_ENABLE_OBJC_ARC = YES;
				CLANG_ENABLE_OBJC_WEAK = YES;
				CLANG_WARN_BLOCK_CAPTURE_AUTORELEASING = YES;
				CLANG_WARN_BOOL_CONVERSION = YES;
				CLANG_WARN_COMMA = YES;
				CLANG_WARN_CONSTANT_CONVERSION = YES;
				CLANG_WARN_DEPRECATED_OBJC_IMPLEMENTATIONS = YES;
				CLANG_WARN_DIRECT_OBJC_ISA_USAGE = YES_ERROR;
				CLANG_WARN_DOCUMENTATION_COMMENTS = YES;
				CLANG_WARN_EMPTY_BODY = YES;
				CLANG_WARN_ENUM_CONVERSION = YES;
				CLANG_WARN_INFINITE_RECURSION = YES;
				CLANG_WARN_INT_CONVERSION = YES;
				CLANG_WARN_NON_LITERAL_NULL_CONVERSION = YES;
				CLANG_WARN_OBJC_IMPLICIT_RETAIN_SELF = YES;
				CLANG_WARN_OBJC_LITERAL_CONVERSION = YES;
				CLANG_WARN_OBJC_ROOT_CLASS = YES_ERROR;
				CLANG_WARN_RANGE_LOOP_ANALYSIS = YES;
				CLANG_WARN_STRICT_PROTOTYPES = YES;
				CLANG_WARN_SUSPICIOUS_MOVE = YES;
				CLANG_WARN_UNGUARDED_AVAILABILITY = YES_AGGRESSIVE;
				CLANG_WARN_UNREACHABLE_CODE = YES;
				CLANG_WARN__DUPLICATE_METHOD_MATCH = YES;
				CODE_SIGN_IDENTITY = "iPhone Developer";
				COPY_PHASE_STRIP = NO;
				DEBUG_INFORMATION_FORMAT = dwarf;
				ENABLE_STRICT_OBJC_MSGSEND = YES;
				ENABLE_TESTABILITY = YES;
				GCC_C_LANGUAGE_STANDARD = gnu11;
				GCC_DYNAMIC_NO_PIC = NO;
				GCC_NO_COMMON_BLOCKS = YES;
				GCC_OPTIMIZATION_LEVEL = 0;
				GCC_PREPROCESSOR_DEFINITIONS = (
					"DEBUG=1",
					"$(inherited)",
				);
				GCC_WARN_64_TO_32_BIT_CONVERSION = YES;
				GCC_WARN_ABOUT_RETURN_TYPE = YES_ERROR;
				GCC_WARN_UNDECLARED_SELECTOR = YES;
				GCC_WARN_UNINITIALIZED_AUTOS = YES_AGGRESSIVE;
				GCC_WARN_UNUSED_FUNCTION = YES;
				GCC_WARN_UNUSED_VARIABLE = YES;
				IPHONEOS_DEPLOYMENT_TARGET = 11.3;
				MTL_ENABLE_DEBUG_INFO = YES;
				ONLY_ACTIVE_ARCH = YES;
				SDKROOT = iphoneos;
				SWIFT_ACTIVE_COMPILATION_CONDITIONS = DEBUG;
				SWIFT_OPTIMIZATION_LEVEL = "-Onone";
			};
			name = Debug;
		};
		33EEAAD320B24534007A6F62 /* Release */ = {
			isa = XCBuildConfiguration;
			buildSettings = {
				ALWAYS_SEARCH_USER_PATHS = NO;
				CLANG_ANALYZER_NONNULL = YES;
				CLANG_ANALYZER_NUMBER_OBJECT_CONVERSION = YES_AGGRESSIVE;
				CLANG_CXX_LANGUAGE_STANDARD = "gnu++14";
				CLANG_CXX_LIBRARY = "libc++";
				CLANG_ENABLE_MODULES = YES;
				CLANG_ENABLE_OBJC_ARC = YES;
				CLANG_ENABLE_OBJC_WEAK = YES;
				CLANG_WARN_BLOCK_CAPTURE_AUTORELEASING = YES;
				CLANG_WARN_BOOL_CONVERSION = YES;
				CLANG_WARN_COMMA = YES;
				CLANG_WARN_CONSTANT_CONVERSION = YES;
				CLANG_WARN_DEPRECATED_OBJC_IMPLEMENTATIONS = YES;
				CLANG_WARN_DIRECT_OBJC_ISA_USAGE = YES_ERROR;
				CLANG_WARN_DOCUMENTATION_COMMENTS = YES;
				CLANG_WARN_EMPTY_BODY = YES;
				CLANG_WARN_ENUM_CONVERSION = YES;
				CLANG_WARN_INFINITE_RECURSION = YES;
				CLANG_WARN_INT_CONVERSION = YES;
				CLANG_WARN_NON_LITERAL_NULL_CONVERSION = YES;
				CLANG_WARN_OBJC_IMPLICIT_RETAIN_SELF = YES;
				CLANG_WARN_OBJC_LITERAL_CONVERSION = YES;
				CLANG_WARN_OBJC_ROOT_CLASS = YES_ERROR;
				CLANG_WARN_RANGE_LOOP_ANALYSIS = YES;
				CLANG_WARN_STRICT_PROTOTYPES = YES;
				CLANG_WARN_SUSPICIOUS_MOVE = YES;
				CLANG_WARN_UNGUARDED_AVAILABILITY = YES_AGGRESSIVE;
				CLANG_WARN_UNREACHABLE_CODE = YES;
				CLANG_WARN__DUPLICATE_METHOD_MATCH = YES;
				CODE_SIGN_IDENTITY = "iPhone Developer";
				COPY_PHASE_STRIP = NO;
				DEBUG_INFORMATION_FORMAT = "dwarf-with-dsym";
				ENABLE_NS_ASSERTIONS = NO;
				ENABLE_STRICT_OBJC_MSGSEND = YES;
				GCC_C_LANGUAGE_STANDARD = gnu11;
				GCC_NO_COMMON_BLOCKS = YES;
				GCC_WARN_64_TO_32_BIT_CONVERSION = YES;
				GCC_WARN_ABOUT_RETURN_TYPE = YES_ERROR;
				GCC_WARN_UNDECLARED_SELECTOR = YES;
				GCC_WARN_UNINITIALIZED_AUTOS = YES_AGGRESSIVE;
				GCC_WARN_UNUSED_FUNCTION = YES;
				GCC_WARN_UNUSED_VARIABLE = YES;
				IPHONEOS_DEPLOYMENT_TARGET = 11.3;
				MTL_ENABLE_DEBUG_INFO = NO;
				SDKROOT = iphoneos;
				SWIFT_COMPILATION_MODE = wholemodule;
				SWIFT_OPTIMIZATION_LEVEL = "-O";
				VALIDATE_PRODUCT = YES;
			};
			name = Release;
		};
		33EEAAD520B24534007A6F62 /* Debug */ = {
			isa = XCBuildConfiguration;
			baseConfigurationReference = 58E2CB84A704C29A345AD22B /* Pods-Todoey.debug.xcconfig */;
			buildSettings = {
				ASSETCATALOG_COMPILER_APPICON_NAME = AppIcon;
				CODE_SIGN_STYLE = Automatic;
				DEVELOPMENT_TEAM = C6VD9U94TJ;
				INFOPLIST_FILE = "$(SRCROOT)/Info.plist";
				LD_RUNPATH_SEARCH_PATHS = (
					"$(inherited)",
					"@executable_path/Frameworks",
				);
				PRODUCT_BUNDLE_IDENTIFIER = com.MattSutton.Todoey;
				PRODUCT_NAME = "$(TARGET_NAME)";
				SWIFT_VERSION = 4.0;
				TARGETED_DEVICE_FAMILY = 1;
			};
			name = Debug;
		};
		33EEAAD620B24534007A6F62 /* Release */ = {
			isa = XCBuildConfiguration;
			baseConfigurationReference = D3F268EDFEA8D9954C820D24 /* Pods-Todoey.release.xcconfig */;
			buildSettings = {
				ASSETCATALOG_COMPILER_APPICON_NAME = AppIcon;
				CODE_SIGN_STYLE = Automatic;
				DEVELOPMENT_TEAM = C6VD9U94TJ;
				INFOPLIST_FILE = "$(SRCROOT)/Info.plist";
				LD_RUNPATH_SEARCH_PATHS = (
					"$(inherited)",
					"@executable_path/Frameworks",
				);
				PRODUCT_BUNDLE_IDENTIFIER = com.MattSutton.Todoey;
				PRODUCT_NAME = "$(TARGET_NAME)";
				SWIFT_VERSION = 4.0;
				TARGETED_DEVICE_FAMILY = 1;
			};
			name = Release;
		};
/* End XCBuildConfiguration section */

/* Begin XCConfigurationList section */
		33EEAABD20B24533007A6F62 /* Build configuration list for PBXProject "MyTasks" */ = {
			isa = XCConfigurationList;
			buildConfigurations = (
				33EEAAD220B24534007A6F62 /* Debug */,
				33EEAAD320B24534007A6F62 /* Release */,
			);
			defaultConfigurationIsVisible = 0;
			defaultConfigurationName = Release;
		};
		33EEAAD420B24534007A6F62 /* Build configuration list for PBXNativeTarget "MyTasks" */ = {
			isa = XCConfigurationList;
			buildConfigurations = (
				33EEAAD520B24534007A6F62 /* Debug */,
				33EEAAD620B24534007A6F62 /* Release */,
			);
			defaultConfigurationIsVisible = 0;
			defaultConfigurationName = Release;
		};
/* End XCConfigurationList section */
	};
	rootObject = 33EEAABA20B24533007A6F62 /* Project object */;
}
